lockfileVersion: '9.0'

settings:
  autoInstallPeers: false
  excludeLinksFromLockfile: false

importers:

  .:
    devDependencies:
      '@types/node':
        specifier: ^22.0.0
        version: 22.19.20
      typescript:
        specifier: ^5.6.0
        version: 5.9.3

  examples/demos:
    dependencies:
      '@ai-sdk/openai-compatible':
        specifier: 2.0.48
        version: 2.0.48(zod@4.4.3)
      '@ai-sdk/provider':
        specifier: 3.0.10
        version: 3.0.10
      '@warrant/adapter-ai-sdk':
        specifier: workspace:*
        version: link:../../packages/adapter-ai-sdk
      '@warrant/adapter-compute':
        specifier: workspace:*
        version: link:../../packages/adapter-compute
      '@warrant/cli':
        specifier: workspace:*
        version: link:../../packages/cli
      '@warrant/handoff':
        specifier: workspace:*
        version: link:../../packages/handoff
      '@warrant/plane':
        specifier: workspace:*
        version: link:../../packages/plane
      '@warrant/protocol':
        specifier: workspace:*
        version: link:../../packages/protocol
      '@warrant/runner':
        specifier: workspace:*
        version: link:../../packages/runner
      '@warrant/sdk':
        specifier: workspace:*
        version: link:../../packages/sdk
      '@warrant/testkit':
        specifier: workspace:*
        version: link:../../packages/testkit
      '@warrant/workspace':
        specifier: workspace:*
        version: link:../../packages/workspace
      ai:
        specifier: 6.0.200
        version: 6.0.200(zod@4.4.3)
      zod:
        specifier: 4.4.3
        version: 4.4.3

  packages/adapter-ai-sdk:
    dependencies:
      '@ai-sdk/provider':
        specifier: 3.0.10
        version: 3.0.10
      '@warrant/handoff':
        specifier: workspace:*
        version: link:../handoff
      '@warrant/protocol':
        specifier: workspace:*
        version: link:../protocol
      '@warrant/sdk':
        specifier: workspace:*
        version: link:../sdk
      ai:
        specifier: 6.0.200
        version: 6.0.200(zod@4.4.3)
      zod:
        specifier: 4.4.3
        version: 4.4.3
    devDependencies:
      '@warrant/testkit':
        specifier: workspace:*
        version: link:../testkit

  packages/adapter-compute:
    dependencies:
      '@warrant/handoff':
        specifier: workspace:*
        version: link:../handoff
      '@warrant/protocol':
        specifier: workspace:*
        version: link:../protocol
      '@warrant/sdk':
        specifier: workspace:*
        version: link:../sdk
      '@warrant/workspace':
        specifier: workspace:*
        version: link:../workspace
    devDependencies:
      '@warrant/testkit':
        specifier: workspace:*
        version: link:../testkit

  packages/cli:
    dependencies:
      '@warrant/handoff':
        specifier: workspace:*
        version: link:../handoff
      '@warrant/plane':
        specifier: workspace:*
        version: link:../plane
      '@warrant/protocol':
        specifier: workspace:*
        version: link:../protocol
      '@warrant/runner':
        specifier: workspace:*
        version: link:../runner
      '@warrant/sdk':
        specifier: workspace:*
        version: link:../sdk
      '@warrant/workspace':
        specifier: workspace:*
        version: link:../workspace
    devDependencies:
      '@warrant/testkit':
        specifier: workspace:*
        version: link:../testkit

  packages/handoff:
    dependencies:
      '@warrant/protocol':
        specifier: workspace:*
        version: link:../protocol
      '@warrant/sdk':
        specifier: workspace:*
        version: link:../sdk
      '@warrant/workspace':
        specifier: workspace:*
        version: link:../workspace

  packages/plane:
    dependencies:
      '@warrant/protocol':
        specifier: workspace:*
        version: link:../protocol

  packages/protocol: {}

  packages/runner:
    dependencies:
      '@warrant/protocol':
        specifier: workspace:*
        version: link:../protocol
      '@warrant/sdk':
        specifier: workspace:*
        version: link:../sdk
      '@warrant/workspace':
        specifier: workspace:*
        version: link:../workspace

  packages/sdk:
    dependencies:
      '@warrant/protocol':
        specifier: workspace:*
        version: link:../protocol

  packages/testkit:
    dependencies:
      '@warrant/plane':
        specifier: workspace:*
        version: link:../plane
      '@warrant/protocol':
        specifier: workspace:*
        version: link:../protocol
      '@warrant/runner':
        specifier: workspace:*
        version: link:../runner
      '@warrant/sdk':
        specifier: workspace:*
        version: link:../sdk

  packages/workspace:
    dependencies:
      '@warrant/protocol':
        specifier: workspace:*
        version: link:../protocol

packages:

  '@ai-sdk/gateway@3.0.127':
    resolution: {integrity: sha512-Obmw5hmE5x+ccRrMp/Djx5r0rpFVX87YqE6OY06g5fwYlRI30dA84ARfTzX45ivCvkW4eCnBpOVXVWQ/pjH85w==}
    engines: {node: '>=18'}
    peerDependencies:
      zod: ^3.25.76 || ^4.1.8

  '@ai-sdk/openai-compatible@2.0.48':
    resolution: {integrity: sha512-z9MC6M4Oh/yUY/F/eszOtO8wc2nMz99XmZQKd2gWTtyIfe716xTfrKe3aYZKg20NZDtyjqPPKPSR+wqz7q1T7Q==}
    engines: {node: '>=18'}
    peerDependencies:
      zod: ^3.25.76 || ^4.1.8

  '@ai-sdk/provider-utils@4.0.27':
    resolution: {integrity: sha512-ubkAJ+xODouwtmN1tYlvTPphH1hPOBfZaEQe8U7skGvFAnIRs9PPpsq57bC2+Ky/MB4yzhd6YOsxTAx9sGpazw==}
    engines: {node: '>=18'}
    peerDependencies:
      zod: ^3.25.76 || ^4.1.8

  '@ai-sdk/provider@3.0.10':
    resolution: {integrity: sha512-Q3BZ27qfpYqnCYGvE3vt+Qi6LGOF9R5Nmzn+9JoM1lCRsD9mYaIhfJLkSunN48nfGXJ6n+XNV0J/XVpqGQl7Dw==}
    engines: {node: '>=18'}

  '@opentelemetry/api@1.9.1':
    resolution: {integrity: sha512-gLyJlPHPZYdAk1JENA9LeHejZe1Ti77/pTeFm/nMXmQH/HFZlcS/O2XJB+L8fkbrNSqhdtlvjBVjxwUYanNH5Q==}
    engines: {node: '>=8.0.0'}

  '@standard-schema/spec@1.1.0':
    resolution: {integrity: sha512-l2aFy5jALhniG5HgqrD6jXLi/rUWrKvqN/qJx6yoJsgKhblVd+iqqU4RCXavm/jPityDo5TCvKMnpjKnOriy0w==}

  '@types/node@22.19.20':
    resolution: {integrity: sha512-6tELRwSDYWW9EdZhbeZmYGZ1/7Djkt+Ah3/ScEYT9cDord7UJzasR/4D3VONg9tQI5CDp+/CZC1AXj2pCFOvpw==}

  '@vercel/oidc@3.2.0':
    resolution: {integrity: sha512-UycprH3T6n3jH0k44NHMa7pnFHGu/N05MjojYr+Mc6I7obkoLIJujSWwin1pCvdy/eOxrI/l3uDLQsmcrOb4ug==}
    engines: {node: '>= 20'}

  ai@6.0.200:
    resolution: {integrity: sha512-kme8AWPy7om8s5Isj/uIE0T3hVf8d5QEIpd2WJ/RiAansglud92fIEurCaz/ZYgjW5abcxuyhv55soQnLIWYEA==}
    engines: {node: '>=18'}
    peerDependencies:
      zod: ^3.25.76 || ^4.1.8

  eventsource-parser@3.1.0:
    resolution: {integrity: sha512-kJezFj9YFAMLeORyi7aCLxLbD5/qWMQnoMVlVPyHIll7lgRJCc3JVln9Vgl9nwQi0YkMnhdGTMNn7CkRRAptMg==}
    engines: {node: '>=18.0.0'}

  json-schema@0.4.0:
    resolution: {integrity: sha512-es94M3nTIfsEPisRafak+HDLfHXnKBhV3vU5eqPcS3flIWqcxJWgXHXiey3YrpaNsanY5ei1VoYEbOzijuq9BA==}

  typescript@5.9.3:
    resolution: {integrity: sha512-jl1vZzPDinLr9eUt3J/t7V6FgNEw9QjvBPdysz9KfQDD41fQrC2Y4vKQdiaUpFT4bXlb1RHhLpp8wtm6M5TgSw==}
    engines: {node: '>=14.17'}
    hasBin: true

  undici-types@6.21.0:
    resolution: {integrity: sha512-iwDZqg0QAGrg9Rav5H4n0M64c3mkR59cJ6wQp+7C4nI0gsmExaedaYLNO44eT4AtBBwjbTiGPMlt2Md0T9H9JQ==}

  zod@4.4.3:
    resolution: {integrity: sha512-ytENFjIJFl2UwYglde2jchW2Hwm4GJFLDiSXWdTrJQBIN9Fcyp7n4DhxJEiWNAJMV1/BqWfW/kkg71UDcHJyTQ==}

snapshots:

  '@ai-sdk/gateway@3.0.127(zod@4.4.3)':
    dependencies:
      '@ai-sdk/provider': 3.0.10
      '@ai-sdk/provider-utils': 4.0.27(zod@4.4.3)
      '@vercel/oidc': 3.2.0
      zod: 4.4.3

  '@ai-sdk/openai-compatible@2.0.48(zod@4.4.3)':
    dependencies:
      '@ai-sdk/provider': 3.0.10
      '@ai-sdk/provider-utils': 4.0.27(zod@4.4.3)
      zod: 4.4.3

  '@ai-sdk/provider-utils@4.0.27(zod@4.4.3)':
    dependencies:
      '@ai-sdk/provider': 3.0.10
      '@standard-schema/spec': 1.1.0
      eventsource-parser: 3.1.0
      zod: 4.4.3

  '@ai-sdk/provider@3.0.10':
    dependencies:
      json-schema: 0.4.0

  '@opentelemetry/api@1.9.1': {}

  '@standard-schema/spec@1.1.0': {}

  '@types/node@22.19.20':
    dependencies:
      undici-types: 6.21.0

  '@vercel/oidc@3.2.0': {}

  ai@6.0.200(zod@4.4.3):
    dependencies:
      '@ai-sdk/gateway': 3.0.127(zod@4.4.3)
      '@ai-sdk/provider': 3.0.10
      '@ai-sdk/provider-utils': 4.0.27(zod@4.4.3)
      '@opentelemetry/api': 1.9.1
      zod: 4.4.3

  eventsource-parser@3.1.0: {}

  json-schema@0.4.0: {}

  typescript@5.9.3: {}

  undici-types@6.21.0: {}

  zod@4.4.3: {}
